// !$*UTF8*$!
{
	archiveVersion = 1;
	classes = {
	};
	objectVersion = 77;
	objects = {

/* Begin PBXContainerItemProxy section */
		5DF34D282CA4E08400564646 /* PBXContainerItemProxy */ = {
			isa = PBXContainerItemProxy;
			containerPortal = 5DF34D0E2CA4E08200564646 /* Project object */;
			proxyType = 1;
			remoteGlobalIDString = 5DF34D152CA4E08200564646;
			remoteInfo = ProductivityTracker;
		};
		5DF34D322CA4E08400564646 /* PBXContainerItemProxy */ = {
			isa = PBXContainerItemProxy;
			containerPortal = 5DF34D0E2CA4E08200564646 /* Project object */;
			proxyType = 1;
			remoteGlobalIDString = 5DF34D152CA4E08200564646;
			remoteInfo = ProductivityTracker;
		};
/* End PBXContainerItemProxy section */

/* Begin PBXFileReference section */
		5DF34D162CA4E08200564646 /* ProductivityTracker.app */ = {isa = PBXFileReference; explicitFileType = wrapper.application; includeInIndex = 0; path = ProductivityTracker.app; sourceTree = BUILT_PRODUCTS_DIR; };
		5DF34D272CA4E08400564646 /* ProductivityTrackerTests.xctest */ = {isa = PBXFileReference; explicitFileType = wrapper.cfbundle; includeInIndex = 0; path = ProductivityTrackerTests.xctest; sourceTree = BUILT_PRODUCTS_DIR; };
		5DF34D312CA4E08400564646 /* ProductivityTrackerUITests.xctest */ = {isa = PBXFileReference; explicitFileType = wrapper.cfbundle; includeInIndex = 0; path = ProductivityTrackerUITests.xctest; sourceTree = BUILT_PRODUCTS_DIR; };
/* End PBXFileReference section */

/* Begin PBXFileSystemSynchronizedRootGroup section */
		5DF34D182CA4E08200564646 /* ProductivityTracker */ = {
			isa = PBXFileSystemSynchronizedRootGroup;
			path = ProductivityTracker;
			sourceTree = "<group>";
		};
		5DF34D2A2CA4E08400564646 /* ProductivityTrackerTests */ = {
			isa = PBXFileSystemSynchronizedRootGroup;
			path = ProductivityTrackerTests;
			sourceTree = "<group>";
		};
		5DF34D342CA4E08400564646 /* ProductivityTrackerUITests */ = {
			isa = PBXFileSystemSynchronizedRootGroup;
			path = ProductivityTrackerUITests;
			sourceTree = "<group>";
		};
/* End PBXFileSystemSynchronizedRootGroup section */

/* Begin PBXFrameworksBuildPhase section */
		5DF34D132CA4E08200564646 /* Frameworks */ = {
			isa = PBXFrameworksBuildPhase;
			buildActionMask = 2147483647;
			files = (
			);
			runOnlyForDeploymentPostprocessing = 0;
		};
		5DF34D242CA4E08400564646 /* Frameworks */ = {
			isa = PBXFrameworksBuildPhase;
			buildActionMask = 2147483647;
			files = (
			);
			runOnlyForDeploymentPostprocessing = 0;
		};
		5DF34D2E2CA4E08400564646 /* Frameworks */ = {
			isa = PBXFrameworksBuildPhase;
			buildActionMask = 2147483647;
			files = (
			);
			runOnlyForDeploymentPostprocessing = 0;
		};
/* End PBXFrameworksBuildPhase section */

/* Begin PBXGroup section */
		5DF34D0D2CA4E08200564646 = {
			isa = PBXGroup;
			children = (
				5DF34D182CA4E08200564646 /* ProductivityTracker */,
				5DF34D2A2CA4E08400564646 /* ProductivityTrackerTests */,
				5DF34D342CA4E08400564646 /* ProductivityTrackerUITests */,
				5DF34D172CA4E08200564646 /* Products */,
			);
			sourceTree = "<group>";
		};
		5DF34D172CA4E08200564646 /* Products */ = {
			isa = PBXGroup;
			children = (
				5DF34D162CA4E08200564646 /* ProductivityTracker.app */,
				5DF34D272CA4E08400564646 /* ProductivityTrackerTests.xctest */,
				5DF34D312CA4E08400564646 /* ProductivityTrackerUITests.xctest */,
			);
			name = Products;
			sourceTree = "<group>";
		};
/* End PBXGroup section */

/* Begin PBXNativeTarget section */
		5DF34D152CA4E08200564646 /* ProductivityTracker */ = {
			isa = PBXNativeTarget;
			buildConfigurationList = 5DF34D3B2CA4E08400564646 /* Build configuration list for PBXNativeTarget "ProductivityTracker" */;
			buildPhases = (
				5DF34D122CA4E08200564646 /* Sources */,
				5DF34D132CA4E08200564646 /* Frameworks */,
				5DF34D142CA4E08200564646 /* Resources */,
			);
			buildRules = (
			);
			dependencies = (
			);
			fileSystemSynchronizedGroups = (
				5DF34D182CA4E08200564646 /* ProductivityTracker */,
			);
			name = ProductivityTracker;
			packageProductDependencies = (
			);
			productName = ProductivityTracker;
			productReference = 5DF34D162CA4E08200564646 /* ProductivityTracker.app */;
			productType = "com.apple.product-type.application";
		};
		5DF34D262CA4E08400564646 /* ProductivityTrackerTests */ = {
			isa = PBXNativeTarget;
			buildConfigurationList = 5DF34D3E2CA4E08400564646 /* Build configuration list for PBXNativeTarget "ProductivityTrackerTests" */;
			buildPhases = (
				5DF34D232CA4E08400564646 /* Sources */,
				5DF34D242CA4E08400564646 /* Frameworks */,
				5DF34D252CA4E08400564646 /* Resources */,
			);
			buildRules = (
			);
			dependencies = (
				5DF34D292CA4E08400564646 /* PBXTargetDependency */,
			);
			fileSystemSynchronizedGroups = (
				5DF34D2A2CA4E08400564646 /* ProductivityTrackerTests */,
			);
			name = ProductivityTrackerTests;
			packageProductDependencies = (
			);
			productName = ProductivityTrackerTests;
			productReference = 5DF34D272CA4E08400564646 /* ProductivityTrackerTests.xctest */;
			productType = "com.apple.product-type.bundle.unit-test";
		};
		5DF34D302CA4E08400564646 /* ProductivityTrackerUITests */ = {
			isa = PBXNativeTarget;
			buildConfigurationList = 5DF34D412CA4E08400564646 /* Build configuration list for PBXNativeTarget "ProductivityTrackerUITests" */;
			buildPhases = (
				5DF34D2D2CA4E08400564646 /* Sources */,
				5DF34D2E2CA4E08400564646 /* Frameworks */,
				5DF34D2F2CA4E08400564646 /* Resources */,
			);
			buildRules = (
			);
			dependencies = (
				5DF34D332CA4E08400564646 /* PBXTargetDependency */,
			);
			fileSystemSynchronizedGroups = (
				5DF34D342CA4E08400564646 /* ProductivityTrackerUITests */,
			);
			name = ProductivityTrackerUITests;
			packageProductDependencies = (
			);
			productName = ProductivityTrackerUITests;
			productReference = 5DF34D312CA4E08400564646 /* ProductivityTrackerUITests.xctest */;
			productType = "com.apple.product-type.bundle.ui-testing";
		};
/* End PBXNativeTarget section */

/* Begin PBXProject section */
		5DF34D0E2CA4E08200564646 /* Project object */ = {
			isa = PBXProject;
			attributes = {
				BuildIndependentTargetsInParallel = 1;
				LastSwiftUpdateCheck = 1600;
				LastUpgradeCheck = 1600;
				TargetAttributes = {
					5DF34D152CA4E08200564646 = {
						CreatedOnToolsVersion = 16.0;
					};
					5DF34D262CA4E08400564646 = {
						CreatedOnToolsVersion = 16.0;
						TestTargetID = 5DF34D152CA4E08200564646;
					};
					5DF34D302CA4E08400564646 = {
						CreatedOnToolsVersion = 16.0;
						TestTargetID = 5DF34D152CA4E08200564646;
					};
				};
			};
			buildConfigurationList = 5DF34D112CA4E08200564646 /* Build configuration list for PBXProject "ProductivityTracker" */;
			developmentRegion = en;
			hasScannedForEncodings = 0;
			knownRegions = (
				en,
				Base,
			);
			mainGroup = 5DF34D0D2CA4E08200564646;
			minimizedProjectReferenceProxies = 1;
			preferredProjectObjectVersion = 77;
			productRefGroup = 5DF34D172CA4E08200564646 /* Products */;
			projectDirPath = "";
			projectRoot = "";
			targets = (
				5DF34D152CA4E08200564646 /* ProductivityTracker */,
				5DF34D262CA4E08400564646 /* ProductivityTrackerTests */,
				5DF34D302CA4E08400564646 /* ProductivityTrackerUITests */,
			);
		};
/* End PBXProject section */

/* Begin PBXResourcesBuildPhase section */
		5DF34D142CA4E08200564646 /* Resources */ = {
			isa = PBXResourcesBuildPhase;
			buildActionMask = 2147483647;
			files = (
			);
			runOnlyForDeploymentPostprocessing = 0;
		};
		5DF34D252CA4E08400564646 /* Resources */ = {
			isa = PBXResourcesBuildPhase;
			buildActionMask = 2147483647;
			files = (
			);
			runOnlyForDeploymentPostprocessing = 0;
		};
		5DF34D2F2CA4E08400564646 /* Resources */ = {
			isa = PBXResourcesBuildPhase;
			buildActionMask = 2147483647;
			files = (
			);
			runOnlyForDeploymentPostprocessing = 0;
		};
/* End PBXResourcesBuildPhase section */

/* Begin PBXSourcesBuildPhase section */
		5DF34D122CA4E08200564646 /* Sources */ = {
			isa = PBXSourcesBuildPhase;
			buildActionMask = 2147483647;
			files = (
			);
			runOnlyForDeploymentPostprocessing = 0;
		};
		5DF34D232CA4E08400564646 /* Sources */ = {
			isa = PBXSourcesBuildPhase;
			buildActionMask = 2147483647;
			files = (
			);
			runOnlyForDeploymentPostprocessing = 0;
		};
		5DF34D2D2CA4E08400564646 /* Sources */ = {
			isa = PBXSourcesBuildPhase;
			buildActionMask = 2147483647;
			files = (
			);
			runOnlyForDeploymentPostprocessing = 0;
		};
/* End PBXSourcesBuildPhase section */

/* Begin PBXTargetDependency section */
		5DF34D292CA4E08400564646 /* PBXTargetDependency */ = {
			isa = PBXTargetDependency;
			target = 5DF34D152CA4E08200564646 /* ProductivityTracker */;
			targetProxy = 5DF34D282CA4E08400564646 /* PBXContainerItemProxy */;
		};
		5DF34D332CA4E08400564646 /* PBXTargetDependency */ = {
			isa = PBXTargetDependency;
			target = 5DF34D152CA4E08200564646 /* ProductivityTracker */;
			targetProxy = 5DF34D322CA4E08400564646 /* PBXContainerItemProxy */;
		};
/* End PBXTargetDependency section */

/* Begin XCBuildConfiguration section */
		5DF34D392CA4E08400564646 /* Debug */ = {
			isa = XCBuildConfiguration;
			buildSettings = {
				ALWAYS_SEARCH_USER_PATHS = NO;
				ASSETCATALOG_COMPILER_GENERATE_SWIFT_ASSET_SYMBOL_EXTENSIONS = YES;
				CLANG_ANALYZER_NONNULL = YES;
				CLANG_ANALYZER_NUMBER_OBJECT_CONVERSION = YES_AGGRESSIVE;
				CLANG_CXX_LANGUAGE_STANDARD = "gnu++20";
				CLANG_ENABLE_MODULES = YES;
				CLANG_ENABLE_OBJC_ARC = YES;
				CLANG_ENABLE_OBJC_WEAK = YES;
				CLANG_WARN_BLOCK_CAPTURE_AUTORELEASING = YES;
				CLANG_WARN_BOOL_CONVERSION = YES;
				CLANG_WARN_COMMA = YES;
				CLANG_WARN_CONSTANT_CONVERSION = YES;
				CLANG_WARN_DEPRECATED_OBJC_IMPLEMENTATIONS = YES;
				CLANG_WARN_DIRECT_OBJC_ISA_USAGE = YES_ERROR;
				CLANG_WARN_DOCUMENTATION_COMMENTS = YES;
				CLANG_WARN_EMPTY_BODY = YES;
				CLANG_WARN_ENUM_CONVERSION = YES;
				CLANG_WARN_INFINITE_RECURSION = YES;
				CLANG_WARN_INT_CONVERSION = YES;
				CLANG_WARN_NON_LITERAL_NULL_CONVERSION = YES;
				CLANG_WARN_OBJC_IMPLICIT_RETAIN_SELF = YES;
				CLANG_WARN_OBJC_LITERAL_CONVERSION = YES;
				CLANG_WARN_OBJC_ROOT_CLASS = YES_ERROR;
				CLANG_WARN_QUOTED_INCLUDE_IN_FRAMEWORK_HEADER = YES;
				CLANG_WARN_RANGE_LOOP_ANALYSIS = YES;
				CLANG_WARN_STRICT_PROTOTYPES = YES;
				CLANG_WARN_SUSPICIOUS_MOVE = YES;
				CLANG_WARN_UNGUARDED_AVAILABILITY = YES_AGGRESSIVE;
				CLANG_WARN_UNREACHABLE_CODE = YES;
				CLANG_WARN__DUPLICATE_METHOD_MATCH = YES;
				COPY_PHASE_STRIP = NO;
				DEBUG_INFORMATION_FORMAT = dwarf;
				ENABLE_STRICT_OBJC_MSGSEND = YES;
				ENABLE_TESTABILITY = YES;
				ENABLE_USER_SCRIPT_SANDBOXING = YES;
				GCC_C_LANGUAGE_STANDARD = gnu17;
				GCC_DYNAMIC_NO_PIC = NO;
				GCC_NO_COMMON_BLOCKS = YES;
				GCC_OPTIMIZATION_LEVEL = 0;
				GCC_PREPROCESSOR_DEFINITIONS = (
					"DEBUG=1",
					"$(inherited)",
				);
				GCC_WARN_64_TO_32_BIT_CONVERSION = YES;
				GCC_WARN_ABOUT_RETURN_TYPE = YES_ERROR;
				GCC_WARN_UNDECLARED_SELECTOR = YES;
				GCC_WARN_UNINITIALIZED_AUTOS = YES_AGGRESSIVE;
				GCC_WARN_UNUSED_FUNCTION = YES;
				GCC_WARN_UNUSED_VARIABLE = YES;
				LOCALIZATION_PREFERS_STRING_CATALOGS = YES;
				MACOSX_DEPLOYMENT_TARGET = 14.6;
				MTL_ENABLE_DEBUG_INFO = INCLUDE_SOURCE;
				MTL_FAST_MATH = YES;
				ONLY_ACTIVE_ARCH = YES;
				SDKROOT = macosx;
				SWIFT_ACTIVE_COMPILATION_CONDITIONS = "DEBUG $(inherited)";
				SWIFT_OPTIMIZATION_LEVEL = "-Onone";
			};
			name = Debug;
		};
		5DF34D3A2CA4E08400564646 /* Release */ = {
			isa = XCBuildConfiguration;
			buildSettings = {
				ALWAYS_SEARCH_USER_PATHS = NO;
				ASSETCATALOG_COMPILER_GENERATE_SWIFT_ASSET_SYMBOL_EXTENSIONS = YES;
				CLANG_ANALYZER_NONNULL = YES;
				CLANG_ANALYZER_NUMBER_OBJECT_CONVERSION = YES_AGGRESSIVE;
				CLANG_CXX_LANGUAGE_STANDARD = "gnu++20";
				CLANG_ENABLE_MODULES = YES;
				CLANG_ENABLE_OBJC_ARC = YES;
				CLANG_ENABLE_OBJC_WEAK = YES;
				CLANG_WARN_BLOCK_CAPTURE_AUTORELEASING = YES;
				CLANG_WARN_BOOL_CONVERSION = YES;
				CLANG_WARN_COMMA = YES;
				CLANG_WARN_CONSTANT_CONVERSION = YES;
				CLANG_WARN_DEPRECATED_OBJC_IMPLEMENTATIONS = YES;
				CLANG_WARN_DIRECT_OBJC_ISA_USAGE = YES_ERROR;
				CLANG_WARN_DOCUMENTATION_COMMENTS = YES;
				CLANG_WARN_EMPTY_BODY = YES;
				CLANG_WARN_ENUM_CONVERSION = YES;
				CLANG_WARN_INFINITE_RECURSION = YES;
				CLANG_WARN_INT_CONVERSION = YES;
				CLANG_WARN_NON_LITERAL_NULL_CONVERSION = YES;
				CLANG_WARN_OBJC_IMPLICIT_RETAIN_SELF = YES;
				CLANG_WARN_OBJC_LITERAL_CONVERSION = YES;
				CLANG_WARN_OBJC_ROOT_CLASS = YES_ERROR;
				CLANG_WARN_QUOTED_INCLUDE_IN_FRAMEWORK_HEADER = YES;
				CLANG_WARN_RANGE_LOOP_ANALYSIS = YES;
				CLANG_WARN_STRICT_PROTOTYPES = YES;
				CLANG_WARN_SUSPICIOUS_MOVE = YES;
				CLANG_WARN_UNGUARDED_AVAILABILITY = YES_AGGRESSIVE;
				CLANG_WARN_UNREACHABLE_CODE = YES;
				CLANG_WARN__DUPLICATE_METHOD_MATCH = YES;
				COPY_PHASE_STRIP = NO;
				DEBUG_INFORMATION_FORMAT = "dwarf-with-dsym";
				ENABLE_NS_ASSERTIONS = NO;
				ENABLE_STRICT_OBJC_MSGSEND = YES;
				ENABLE_USER_SCRIPT_SANDBOXING = YES;
				GCC_C_LANGUAGE_STANDARD = gnu17;
				GCC_NO_COMMON_BLOCKS = YES;
				GCC_WARN_64_TO_32_BIT_CONVERSION = YES;
				GCC_WARN_ABOUT_RETURN_TYPE = YES_ERROR;
				GCC_WARN_UNDECLARED_SELECTOR = YES;
				GCC_WARN_UNINITIALIZED_AUTOS = YES_AGGRESSIVE;
				GCC_WARN_UNUSED_FUNCTION = YES;
				GCC_WARN_UNUSED_VARIABLE = YES;
				LOCALIZATION_PREFERS_STRING_CATALOGS = YES;
				MACOSX_DEPLOYMENT_TARGET = 14.6;
				MTL_ENABLE_DEBUG_INFO = NO;
				MTL_FAST_MATH = YES;
				SDKROOT = macosx;
				SWIFT_COMPILATION_MODE = wholemodule;
			};
			name = Release;
		};
		5DF34D3C2CA4E08400564646 /* Debug */ = {
			isa = XCBuildConfiguration;
			buildSettings = {
				ASSETCATALOG_COMPILER_APPICON_NAME = AppIcon;
				ASSETCATALOG_COMPILER_GLOBAL_ACCENT_COLOR_NAME = AccentColor;
				CODE_SIGN_ENTITLEMENTS = ProductivityTracker/ProductivityTracker.entitlements;
				"CODE_SIGN_IDENTITY[sdk=macosx*]" = "-";
				CODE_SIGN_STYLE = Automatic;
				COMBINE_HIDPI_IMAGES = YES;
				CURRENT_PROJECT_VERSION = 1;
				DEVELOPMENT_ASSET_PATHS = "\"ProductivityTracker/Preview Content\"";
				ENABLE_PREVIEWS = YES;
				GENERATE_INFOPLIST_FILE = YES;
				INFOPLIST_KEY_NSHumanReadableCopyright = "";
				LD_RUNPATH_SEARCH_PATHS = (
					"$(inherited)",
					"@executable_path/../Frameworks",
				);
				MARKETING_VERSION = 1.0;
				PRODUCT_BUNDLE_IDENTIFIER = com.ashrithssreddy.ProductivityTracker.ProductivityTracker;
				PRODUCT_NAME = "$(TARGET_NAME)";
				SWIFT_EMIT_LOC_STRINGS = YES;
				SWIFT_VERSION = 5.0;
			};
			name = Debug;
		};
		5DF34D3D2CA4E08400564646 /* Release */ = {
			isa = XCBuildConfiguration;
			buildSettings = {
				ASSETCATALOG_COMPILER_APPICON_NAME = AppIcon;
				ASSETCATALOG_COMPILER_GLOBAL_ACCENT_COLOR_NAME = AccentColor;
				CODE_SIGN_ENTITLEMENTS = ProductivityTracker/ProductivityTracker.entitlements;
				"CODE_SIGN_IDENTITY[sdk=macosx*]" = "-";
				CODE_SIGN_STYLE = Automatic;
				COMBINE_HIDPI_IMAGES = YES;
				CURRENT_PROJECT_VERSION = 1;
				DEVELOPMENT_ASSET_PATHS = "\"ProductivityTracker/Preview Content\"";
				ENABLE_PREVIEWS = YES;
				GENERATE_INFOPLIST_FILE = YES;
				INFOPLIST_KEY_NSHumanReadableCopyright = "";
				LD_RUNPATH_SEARCH_PATHS = (
					"$(inherited)",
					"@executable_path/../Frameworks",
				);
				MARKETING_VERSION = 1.0;
				PRODUCT_BUNDLE_IDENTIFIER = com.ashrithssreddy.ProductivityTracker.ProductivityTracker;
				PRODUCT_NAME = "$(TARGET_NAME)";
				SWIFT_EMIT_LOC_STRINGS = YES;
				SWIFT_VERSION = 5.0;
			};
			name = Release;
		};
		5DF34D3F2CA4E08400564646 /* Debug */ = {
			isa = XCBuildConfiguration;
			buildSettings = {
				BUNDLE_LOADER = "$(TEST_HOST)";
				CODE_SIGN_STYLE = Automatic;
				CURRENT_PROJECT_VERSION = 1;
				GENERATE_INFOPLIST_FILE = YES;
				MACOSX_DEPLOYMENT_TARGET = 14.6;
				MARKETING_VERSION = 1.0;
				PRODUCT_BUNDLE_IDENTIFIER = com.ashrithssreddy.ProductivityTracker.ProductivityTrackerTests;
				PRODUCT_NAME = "$(TARGET_NAME)";
				SWIFT_EMIT_LOC_STRINGS = NO;
				SWIFT_VERSION = 5.0;
				TEST_HOST = "$(BUILT_PRODUCTS_DIR)/ProductivityTracker.app/$(BUNDLE_EXECUTABLE_FOLDER_PATH)/ProductivityTracker";
			};
			name = Debug;
		};
		5DF34D402CA4E08400564646 /* Release */ = {
			isa = XCBuildConfiguration;
			buildSettings = {
				BUNDLE_LOADER = "$(TEST_HOST)";
				CODE_SIGN_STYLE = Automatic;
				CURRENT_PROJECT_VERSION = 1;
				GENERATE_INFOPLIST_FILE = YES;
				MACOSX_DEPLOYMENT_TARGET = 14.6;
				MARKETING_VERSION = 1.0;
				PRODUCT_BUNDLE_IDENTIFIER = com.ashrithssreddy.ProductivityTracker.ProductivityTrackerTests;
				PRODUCT_NAME = "$(TARGET_NAME)";
				SWIFT_EMIT_LOC_STRINGS = NO;
				SWIFT_VERSION = 5.0;
				TEST_HOST = "$(BUILT_PRODUCTS_DIR)/ProductivityTracker.app/$(BUNDLE_EXECUTABLE_FOLDER_PATH)/ProductivityTracker";
			};
			name = Release;
		};
		5DF34D422CA4E08400564646 /* Debug */ = {
			isa = XCBuildConfiguration;
			buildSettings = {
				CODE_SIGN_STYLE = Automatic;
				CURRENT_PROJECT_VERSION = 1;
				GENERATE_INFOPLIST_FILE = YES;
				MARKETING_VERSION = 1.0;
				PRODUCT_BUNDLE_IDENTIFIER = com.ashrithssreddy.ProductivityTracker.ProductivityTrackerUITests;
				PRODUCT_NAME = "$(TARGET_NAME)";
				SWIFT_EMIT_LOC_STRINGS = NO;
				SWIFT_VERSION = 5.0;
				TEST_TARGET_NAME = ProductivityTracker;
			};
			name = Debug;
		};
		5DF34D432CA4E08400564646 /* Release */ = {
			isa = XCBuildConfiguration;
			buildSettings = {
				CODE_SIGN_STYLE = Automatic;
				CURRENT_PROJECT_VERSION = 1;
				GENERATE_INFOPLIST_FILE = YES;
				MARKETING_VERSION = 1.0;
				PRODUCT_BUNDLE_IDENTIFIER = com.ashrithssreddy.ProductivityTracker.ProductivityTrackerUITests;
				PRODUCT_NAME = "$(TARGET_NAME)";
				SWIFT_EMIT_LOC_STRINGS = NO;
				SWIFT_VERSION = 5.0;
				TEST_TARGET_NAME = ProductivityTracker;
			};
			name = Release;
		};
/* End XCBuildConfiguration section */

/* Begin XCConfigurationList section */
		5DF34D112CA4E08200564646 /* Build configuration list for PBXProject "ProductivityTracker" */ = {
			isa = XCConfigurationList;
			buildConfigurations = (
				5DF34D392CA4E08400564646 /* Debug */,
				5DF34D3A2CA4E08400564646 /* Release */,
			);
			defaultConfigurationIsVisible = 0;
			defaultConfigurationName = Release;
		};
		5DF34D3B2CA4E08400564646 /* Build configuration list for PBXNativeTarget "ProductivityTracker" */ = {
			isa = XCConfigurationList;
			buildConfigurations = (
				5DF34D3C2CA4E08400564646 /* Debug */,
				5DF34D3D2CA4E08400564646 /* Release */,
			);
			defaultConfigurationIsVisible = 0;
			defaultConfigurationName = Release;
		};
		5DF34D3E2CA4E08400564646 /* Build configuration list for PBXNativeTarget "ProductivityTrackerTests" */ = {
			isa = XCConfigurationList;
			buildConfigurations = (
				5DF34D3F2CA4E08400564646 /* Debug */,
				5DF34D402CA4E08400564646 /* Release */,
			);
			defaultConfigurationIsVisible = 0;
			defaultConfigurationName = Release;
		};
		5DF34D412CA4E08400564646 /* Build configuration list for PBXNativeTarget "ProductivityTrackerUITests" */ = {
			isa = XCConfigurationList;
			buildConfigurations = (
				5DF34D422CA4E08400564646 /* Debug */,
				5DF34D432CA4E08400564646 /* Release */,
			);
			defaultConfigurationIsVisible = 0;
			defaultConfigurationName = Release;
		};
/* End XCConfigurationList section */
	};
	rootObject = 5DF34D0E2CA4E08200564646 /* Project object */;
}
